
Microsoft Visual Studio Solution File, Format Version 12.00
# Visual Studio Version 17
VisualStudioVersion = 17.10.35013.160
MinimumVisualStudioVersion = 10.0.40219.1
Project("{FAE04EC0-301F-11D3-BF4B-00C04F79EFBC}") = "UserRegistrationMVC", "UserRegistrationMVC\UserRegistrationMVC.csproj", "{44911341-2BA8-4702-83BF-24981A90272C}"
EndProject
Global
	GlobalSection(SolutionConfigurationPlatforms) = preSolution
		Debug|Any CPU = Debug|Any CPU
		Release|Any CPU = Release|Any CPU
	EndGlobalSection
	GlobalSection(ProjectConfigurationPlatforms) = postSolution
		{44911341-2BA8-4702-83BF-24981A90272C}.Debug|Any CPU.ActiveCfg = Debug|Any CPU
		{44911341-2BA8-4702-83BF-24981A90272C}.Debug|Any CPU.Build.0 = Debug|Any CPU
		{44911341-2BA8-4702-83BF-24981A90272C}.Release|Any CPU.ActiveCfg = Release|Any CPU
		{44911341-2BA8-4702-83BF-24981A90272C}.Release|Any CPU.Build.0 = Release|Any CPU
	EndGlobalSection
	GlobalSection(SolutionProperties) = preSolution
		HideSolutionNode = FALSE
	EndGlobalSection
	GlobalSection(ExtensibilityGlobals) = postSolution
		SolutionGuid = {6F83E9D9-F6F5-4477-A5BC-455415FDD83F}
	EndGlobalSection
EndGlobal
